<?xml version="1.0" encoding="utf-8"?>
<Project ToolsVersion="4.0" xmlns="http://schemas.microsoft.com/developer/msbuild/2003">
  <ItemGroup>
    <Filter Include="Source Files">
      <UniqueIdentifier>{5016ba8f-d781-40f4-9904-56cc2ce9a588}</UniqueIdentifier>
      <Extensions>cpp;c;cc;cxx;def;odl;idl;hpj;bat;asm;asmx</Extensions>
    </Filter>
    <Filter Include="Source Files\Wrapper">
      <UniqueIdentifier>{8f00e86e-e1bc-499e-8b2c-da93e9e8f287}</UniqueIdentifier>
    </Filter>
    <Filter Include="Source Files\Helpers">
      <UniqueIdentifier>{a6fc08f6-97d9-4a53-a803-34b985d9ae7c}</UniqueIdentifier>
    </Filter>
    <Filter Include="Header Files">
      <UniqueIdentifier>{a799678b-8efc-42a0-97b2-f3a23da99e17}</UniqueIdentifier>
      <Extensions>h;hh;hpp;hxx;hm;inl;inc;xsd</Extensions>
    </Filter>
    <Filter Include="Header Files\Helpers">
      <UniqueIdentifier>{6cebc940-92bb-4a55-a125-ec97956636f2}</UniqueIdentifier>
    </Filter>
    <Filter Include="Source Files\Types">
      <UniqueIdentifier>{f9d810ff-605b-4b00-a607-4b7f1d918286}</UniqueIdentifier>
    </Filter>
    <Filter Include="Header Files\Types">
      <UniqueIdentifier>{812e0ab3-866c-4b15-ae9d-a24d92b05c9a}</UniqueIdentifier>
    </Filter>
    <Filter Include="Resource Files">
      <UniqueIdentifier>{65d7146d-e626-44dd-bd9e-525ea8e9252f}</UniqueIdentifier>
    </Filter>
    <Filter Include="Resource Files\Examples">
      <UniqueIdentifier>{65e28d96-6d00-47b5-8211-0cf2753aef67}</UniqueIdentifier>
    </Filter>
    <Filter Include="Resource Files\Decls">
      <UniqueIdentifier>{59a50312-f52e-475b-9362-7cbb22381620}</UniqueIdentifier>
    </Filter>
  </ItemGroup>
  <ItemGroup>
    <ClCompile Include="Wrapper\SteamClient.cpp">
      <Filter>Source Files\Wrapper</Filter>
    </ClCompile>
    <ClCompile Include="Wrapper\SteamUser.cpp">
      <Filter>Source Files\Wrapper</Filter>
    </ClCompile>
    <ClCompile Include="Wrapper\SteamAppList.cpp">
      <Filter>Source Files\Wrapper</Filter>
    </ClCompile>
    <ClCompile Include="Wrapper\SteamApps.cpp">
      <Filter>Source Files\Wrapper</Filter>
    </ClCompile>
    <ClCompile Include="Wrapper\SteamController.cpp">
      <Filter>Source Files\Wrapper</Filter>
    </ClCompile>
    <ClCompile Include="Wrapper\SteamFriends.cpp">
      <Filter>Source Files\Wrapper</Filter>
    </ClCompile>
    <ClCompile Include="Wrapper\SteamGameServer.cpp">
      <Filter>Source Files\Wrapper</Filter>
    </ClCompile>
    <ClCompile Include="Wrapper\SteamUtils.cpp">
      <Filter>Source Files\Wrapper</Filter>
    </ClCompile>
    <ClCompile Include="Wrapper\SteamMatchmaking.cpp">
      <Filter>Source Files\Wrapper</Filter>
    </ClCompile>
    <ClCompile Include="Wrapper\SteamUserStats.cpp">
      <Filter>Source Files\Wrapper</Filter>
    </ClCompile>
    <ClCompile Include="Wrapper\SteamNetworking.cpp">
      <Filter>Source Files\Wrapper</Filter>
    </ClCompile>
    <ClCompile Include="Wrapper\SteamRemoteStorage.cpp">
      <Filter>Source Files\Wrapper</Filter>
    </ClCompile>
    <ClCompile Include="Wrapper\SteamScreenshots.cpp">
      <Filter>Source Files\Wrapper</Filter>
    </ClCompile>
    <ClCompile Include="Wrapper\SteamMusic.cpp">
      <Filter>Source Files\Wrapper</Filter>
    </ClCompile>
    <ClCompile Include="Wrapper\SteamMusicRemote.cpp">
      <Filter>Source Files\Wrapper</Filter>
    </ClCompile>
    <ClCompile Include="Wrapper\SteamGameServerStats.cpp">
      <Filter>Source Files\Wrapper</Filter>
    </ClCompile>
    <ClCompile Include="Wrapper\SteamHTTP.cpp">
      <Filter>Source Files\Wrapper</Filter>
    </ClCompile>
    <ClCompile Include="Wrapper\SteamUnifiedMessages.cpp">
      <Filter>Source Files\Wrapper</Filter>
    </ClCompile>
    <ClCompile Include="Wrapper\SteamUGC.cpp">
      <Filter>Source Files\Wrapper</Filter>
    </ClCompile>
    <ClCompile Include="Wrapper\SteamHTMLSurface.cpp">
      <Filter>Source Files\Wrapper</Filter>
    </ClCompile>
    <ClCompile Include="Wrapper\SteamInventory.cpp">
      <Filter>Source Files\Wrapper</Filter>
    </ClCompile>
    <ClCompile Include="Wrapper\SteamVideo.cpp">
      <Filter>Source Files\Wrapper</Filter>
    </ClCompile>
    <ClCompile Include="BlitzSteam.cpp">
      <Filter>Source Files</Filter>
    </ClCompile>
    <ClCompile Include="Helpers\Helper.cpp">
      <Filter>Source Files\Helpers</Filter>
    </ClCompile>
    <ClCompile Include="Wrapper\SteamMatchmakingServers.cpp">
      <Filter>Source Files\Wrapper</Filter>
    </ClCompile>
    <ClCompile Include="Types\Long.cpp">
      <Filter>Source Files\Types</Filter>
    </ClCompile>
    <ClCompile Include="Types\Double.cpp">
      <Filter>Source Files\Types</Filter>
    </ClCompile>
    <ClCompile Include="Types\CSteamID.cpp">
      <Filter>Source Files\Types</Filter>
    </ClCompile>
    <ClCompile Include="Wrapper\Steam.cpp">
      <Filter>Source Files\Wrapper</Filter>
    </ClCompile>
    <ClCompile Include="Types\BlitzCallback.cpp">
      <Filter>Source Files\Types</Filter>
    </ClCompile>
    <ClCompile Include="Types\Memory.cpp">
      <Filter>Source Files\Types</Filter>
    </ClCompile>
    <ClCompile Include="Types\SteamMatchmakingTypes.cpp">
      <Filter>Source Files\Types</Filter>
    </ClCompile>
    <ClCompile Include="Types\SteamTypes.cpp">
      <Filter>Source Files\Types</Filter>
    </ClCompile>
    <ClCompile Include="Helpers\BlitzPointer.cpp">
      <Filter>Source Files\Helpers</Filter>
    </ClCompile>
  </ItemGroup>
  <ItemGroup>
    <ClInclude Include="BlitzSteam.h">
      <Filter>Header Files</Filter>
    </ClInclude>
    <ClInclude Include="Helpers\BlitzPointer.h">
      <Filter>Header Files\Helpers</Filter>
    </ClInclude>
    <ClInclude Include="Helpers\Helper.h">
      <Filter>Header Files\Helpers</Filter>
    </ClInclude>
    <ClInclude Include="Types\Long.h">
      <Filter>Header Files\Types</Filter>
    </ClInclude>
    <ClInclude Include="Types\Double.h">
      <Filter>Header Files\Types</Filter>
    </ClInclude>
    <ClInclude Include="Types\CSteamID.h">
      <Filter>Header Files\Types</Filter>
    </ClInclude>
    <ClInclude Include="Types\BlitzCallback.h">
      <Filter>Header Files\Types</Filter>
    </ClInclude>
    <ClInclude Include="Types\Memory.h">
      <Filter>Header Files\Types</Filter>
    </ClInclude>
    <ClInclude Include="BlitzSteamInternal.h">
      <Filter>Header Files</Filter>
    </ClInclude>
    <ClInclude Include="Types\SteamMatchmakingTypes.h">
      <Filter>Header Files\Types</Filter>
    </ClInclude>
    <ClInclude Include="Types\SteamTypes.h">
      <Filter>Header Files\Types</Filter>
    </ClInclude>
  </ItemGroup>
  <ItemGroup>
    <None Include="$(ProjectDir)\Blitz\*.*" />
    <None Include="$(ProjectDir)\Blitz\*.*" />
    <None Include="$(ProjectDir)\Blitz\*.*" />
    <None Include="$(ProjectDir)\Blitz\*.*" />
    <None Include="$(ProjectDir)\Blitz\**\*.*" />
    <None Include="$(ProjectDir)\Blitz\**\*.*" />
    <None Include="$(ProjectDir)\Blitz\**\*.*" />
    <None Include="$(ProjectDir)\Blitz\**\*.*" />
    <None Include="$(ProjectDir)\Blitz\**\*.*" />
    <None Include="$(ProjectDir)\Blitz\**\*.*" />
    <None Include="$(ProjectDir)\Blitz\**\*.*" />
    <None Include="$(ProjectDir)\Blitz\**\*.*" />
    <None Include="$(ProjectDir)\Blitz\**\*.*" />
    <None Include="$(ProjectDir)\Blitz\**\*.*" />
    <None Include="Resources\BlitzSteam.bb">
      <Filter>Resource Files</Filter>
    </None>
    <None Include="Resources\BlitzSteamUtility.bb">
      <Filter>Resource Files</Filter>
    </None>
    <None Include="Resources\BlitzSteam.ipf">
      <Filter>Resource Files</Filter>
    </None>
    <None Include="Resources\Examples\SteamAPI_Example.bb">
      <Filter>Resource Files\Examples</Filter>
    </None>
    <None Include="Resources\Examples\SteamAppList_Example.bb">
      <Filter>Resource Files\Examples</Filter>
    </None>
    <None Include="Resources\Examples\SteamApps_Example.bb">
      <Filter>Resource Files\Examples</Filter>
    </None>
    <None Include="Resources\Examples\SteamController_Example.bb">
      <Filter>Resource Files\Examples</Filter>
    </None>
    <None Include="Resources\Examples\SteamHTMLSurface_Example.bb">
      <Filter>Resource Files\Examples</Filter>
    </None>
    <None Include="Resources\Decls\BlitzSteam.decls">
      <Filter>Resource Files\Decls</Filter>
    </None>
    <None Include="Resources\Decls\BlitzSteam_CSteamID.decls">
      <Filter>Resource Files\Decls</Filter>
    </None>
    <None Include="Resources\Decls\BlitzSteam_Double.decls">
      <Filter>Resource Files\Decls</Filter>
    </None>
    <None Include="Resources\Decls\BlitzSteam_Long.decls">
      <Filter>Resource Files\Decls</Filter>
    </None>
    <None Include="Resources\Decls\BlitzSteam_Memory.decls">
      <Filter>Resource Files\Decls</Filter>
    </None>
    <None Include="Resources\Decls\BlitzSteam_Steam.decls">
      <Filter>Resource Files\Decls</Filter>
    </None>
    <None Include="Resources\Decls\BlitzSteam_SteamAppList.decls">
      <Filter>Resource Files\Decls</Filter>
    </None>
    <None Include="Resources\Decls\BlitzSteam_SteamApps.decls">
      <Filter>Resource Files\Decls</Filter>
    </None>
    <None Include="Resources\Decls\BlitzSteam_SteamClient.decls">
      <Filter>Resource Files\Decls</Filter>
    </None>
    <None Include="Resources\Decls\BlitzSteam_SteamController.decls">
      <Filter>Resource Files\Decls</Filter>
    </None>
    <None Include="Resources\Decls\BlitzSteam_SteamFriends.decls">
      <Filter>Resource Files\Decls</Filter>
    </None>
    <None Include="Resources\Decls\BlitzSteam_SteamGameServer.decls">
      <Filter>Resource Files\Decls</Filter>
    </None>
    <None Include="Resources\Decls\BlitzSteam_SteamGameServerStats.decls">
      <Filter>Resource Files\Decls</Filter>
    </None>
    <None Include="Resources\Decls\BlitzSteam_SteamHTMLSurface.decls">
      <Filter>Resource Files\Decls</Filter>
    </None>
    <None Include="Resources\Decls\BlitzSteam_SteamHTTP.decls">
      <Filter>Resource Files\Decls</Filter>
    </None>
    <None Include="Resources\Decls\BlitzSteam_SteamInventory.decls">
      <Filter>Resource Files\Decls</Filter>
    </None>
    <None Include="Resources\Decls\BlitzSteam_SteamMatchmaking.decls">
      <Filter>Resource Files\Decls</Filter>
    </None>
    <None Include="Resources\Decls\BlitzSteam_SteamMatchmakingServers.decls">
      <Filter>Resource Files\Decls</Filter>
    </None>
    <None Include="Resources\Decls\BlitzSteam_SteamMusic.decls">
      <Filter>Resource Files\Decls</Filter>
    </None>
    <None Include="Resources\Decls\BlitzSteam_SteamMusicRemote.decls">
      <Filter>Resource Files\Decls</Filter>
    </None>
    <None Include="Resources\Decls\BlitzSteam_SteamNetworking.decls">
      <Filter>Resource Files\Decls</Filter>
    </None>
    <None Include="Resources\Decls\BlitzSteam_SteamRemoteStorage.decls">
      <Filter>Resource Files\Decls</Filter>
    </None>
    <None Include="Resources\Decls\BlitzSteam_SteamScreenshots.decls">
      <Filter>Resource Files\Decls</Filter>
    </None>
    <None Include="Resources\Decls\BlitzSteam_SteamUGC.decls">
      <Filter>Resource Files\Decls</Filter>
    </None>
    <None Include="Resources\Decls\BlitzSteam_SteamUnifiedMessages.decls">
      <Filter>Resource Files\Decls</Filter>
    </None>
    <None Include="Resources\Decls\BlitzSteam_SteamUser.decls">
      <Filter>Resource Files\Decls</Filter>
    </None>
    <None Include="Resources\Decls\BlitzSteam_SteamUserStats.decls">
      <Filter>Resource Files\Decls</Filter>
    </None>
    <None Include="Resources\Decls\BlitzSteam_SteamUtils.decls">
      <Filter>Resource Files\Decls</Filter>
    </None>
    <None Include="Resources\Decls\BlitzSteam_SteamVideo.decls">
      <Filter>Resource Files\Decls</Filter>
    </None>
    <None Include="Resources\BlitzSteam.LICENSE">
      <Filter>Resource Files</Filter>
    </None>
    <None Include="Resources\BlitzSteam.LICENSE.lesser">
      <Filter>Resource Files</Filter>
    </None>
    <None Include="Resources\Decls\BlitzSteam_SteamMatchmakingTypes.decls">
      <Filter>Resource Files\Decls</Filter>
    </None>
    <None Include="Resources\Decls\BlitzSteam_Callback.decls">
      <Filter>Resource Files\Decls</Filter>
    </None>
  </ItemGroup>
  <ItemGroup>
    <Text Include="Resources\Examples\steam_appid.txt">
      <Filter>Resource Files\Examples</Filter>
    </Text>
  </ItemGroup>
</Project>