<?xml version="1.0" encoding="utf-8"?>
<Project ToolsVersion="4.0" xmlns="http://schemas.microsoft.com/developer/msbuild/2003">
  <ItemGroup>
    <Filter Include="Source Files">
      <UniqueIdentifier>{5016ba8f-d781-40f4-9904-56cc2ce9a588}</UniqueIdentifier>
      <Extensions>cpp;c;cc;cxx;def;odl;idl;hpj;bat;asm;asmx</Extensions>
    </Filter>
    <Filter Include="Source Files\Wrapper">
      <UniqueIdentifier>{8f00e86e-e1bc-499e-8b2c-da93e9e8f287}</UniqueIdentifier>
    </Filter>
    <Filter Include="Source Files\Libraries">
      <UniqueIdentifier>{1b813d7f-3558-4f10-b237-1bcf7d5f0b60}</UniqueIdentifier>
    </Filter>
    <Filter Include="SteamworksSDK">
      <UniqueIdentifier>{14616756-e67f-4b1c-ac90-776c00a0271d}</UniqueIdentifier>
    </Filter>
    <Filter Include="Blitz Files">
      <UniqueIdentifier>{3072c53c-2be5-4712-b853-1bc1438cdc6e}</UniqueIdentifier>
    </Filter>
    <Filter Include="Source Files\Helpers">
      <UniqueIdentifier>{a6fc08f6-97d9-4a53-a803-34b985d9ae7c}</UniqueIdentifier>
    </Filter>
  </ItemGroup>
  <ItemGroup>
    <ClCompile Include="dllmain.cpp">
      <Filter>Source Files</Filter>
    </ClCompile>
    <ClCompile Include="Wrapper\Steam.cpp">
      <Filter>Source Files\Wrapper</Filter>
    </ClCompile>
    <ClCompile Include="Wrapper\SteamClient.cpp">
      <Filter>Source Files\Wrapper</Filter>
    </ClCompile>
    <ClCompile Include="Wrapper\SteamUser.cpp">
      <Filter>Source Files\Wrapper</Filter>
    </ClCompile>
    <ClCompile Include="Libraries\BlitzPointer.cpp">
      <Filter>Source Files\Libraries</Filter>
    </ClCompile>
    <ClCompile Include="Wrapper\SteamAppList.cpp">
      <Filter>Source Files\Wrapper</Filter>
    </ClCompile>
    <ClCompile Include="Wrapper\SteamApps.cpp">
      <Filter>Source Files\Wrapper</Filter>
    </ClCompile>
    <ClCompile Include="Wrapper\SteamController.cpp">
      <Filter>Source Files\Wrapper</Filter>
    </ClCompile>
    <ClCompile Include="Helpers\Int64.cpp">
      <Filter>Source Files\Helpers</Filter>
    </ClCompile>
    <ClCompile Include="Helpers\Double.cpp">
      <Filter>Source Files\Helpers</Filter>
    </ClCompile>
    <ClCompile Include="Wrapper\SteamFriends.cpp">
      <Filter>Source Files\Wrapper</Filter>
    </ClCompile>
    <ClCompile Include="Wrapper\SteamGameServer.cpp">
      <Filter>Source Files\Wrapper</Filter>
    </ClCompile>
    <ClCompile Include="Wrapper\SteamUtils.cpp">
      <Filter>Source Files\Wrapper</Filter>
    </ClCompile>
    <ClCompile Include="Wrapper\SteamMatchmaking.cpp">
      <Filter>Source Files\Wrapper</Filter>
    </ClCompile>
    <ClCompile Include="Wrapper\SteamMatchmakingServer.cpp">
      <Filter>Source Files\Wrapper</Filter>
    </ClCompile>
    <ClCompile Include="Wrapper\SteamUserStats.cpp">
      <Filter>Source Files\Wrapper</Filter>
    </ClCompile>
    <ClCompile Include="Wrapper\SteamNetworking.cpp">
      <Filter>Source Files\Wrapper</Filter>
    </ClCompile>
    <ClCompile Include="Wrapper\SteamRemoteStorage.cpp">
      <Filter>Source Files\Wrapper</Filter>
    </ClCompile>
    <ClCompile Include="Wrapper\SteamScreenshots.cpp">
      <Filter>Source Files\Wrapper</Filter>
    </ClCompile>
    <ClCompile Include="Wrapper\SteamMusic.cpp">
      <Filter>Source Files\Wrapper</Filter>
    </ClCompile>
    <ClCompile Include="Wrapper\SteamMusicRemote.cpp">
      <Filter>Source Files\Wrapper</Filter>
    </ClCompile>
    <ClCompile Include="Wrapper\SteamGameServerStats.cpp">
      <Filter>Source Files\Wrapper</Filter>
    </ClCompile>
    <ClCompile Include="Wrapper\SteamHTTP.cpp">
      <Filter>Source Files\Wrapper</Filter>
    </ClCompile>
    <ClCompile Include="Wrapper\SteamUnifiedMessages.cpp">
      <Filter>Source Files\Wrapper</Filter>
    </ClCompile>
    <ClCompile Include="Wrapper\SteamUGC.cpp">
      <Filter>Source Files\Wrapper</Filter>
    </ClCompile>
    <ClCompile Include="Wrapper\SteamHTMLSurface.cpp">
      <Filter>Source Files\Wrapper</Filter>
    </ClCompile>
    <ClCompile Include="Wrapper\SteamInventory.cpp">
      <Filter>Source Files\Wrapper</Filter>
    </ClCompile>
    <ClCompile Include="Wrapper\SteamVideo.cpp">
      <Filter>Source Files\Wrapper</Filter>
    </ClCompile>
    <ClCompile Include="Helpers\CSteamID.cpp">
      <Filter>Source Files\Helpers</Filter>
    </ClCompile>
    <ClCompile Include="Helpers\Callbacks.cpp">
      <Filter>Source Files\Helpers</Filter>
    </ClCompile>
  </ItemGroup>
  <ItemGroup>
    <ClInclude Include="dllmain.h">
      <Filter>Source Files</Filter>
    </ClInclude>
    <ClInclude Include="Libraries\BlitzPointer.h">
      <Filter>Source Files\Libraries</Filter>
    </ClInclude>
  </ItemGroup>
  <ItemGroup>
    <None Include="SteamworksSDK\redistributable_bin\steam_api.dll">
      <Filter>SteamworksSDK</Filter>
    </None>
    <None Include="Blitz\BlitzSteam.bb">
      <Filter>Blitz Files</Filter>
    </None>
    <None Include="Blitz\BlitzSteam.decls">
      <Filter>Blitz Files</Filter>
    </None>
    <None Include="Blitz\BlitzSteamUtility.bb">
      <Filter>Blitz Files</Filter>
    </None>
    <None Include="LICENSE" />
    <None Include="LICENSE.lesser" />
  </ItemGroup>
</Project>